# generated by rye
# use `rye lock` or `rye sync` to update this lockfile
#
# last locked with the following flags:
#   pre: false
#   features: []
#   all-features: false
#   with-sources: false

-e file:.
actus==0.2.1
    # via make
colex==0.1.0
    # via actus
    # via make
pyperclip==1.8.2
    # via make
